
Microsoft Visual Studio Solution File, Format Version 12.00
# Visual Studio Version 17
VisualStudioVersion = 17.9.34723.18
MinimumVisualStudioVersion = 10.0.40219.1
Project("{FAE04EC0-301F-11D3-BF4B-00C04F79EFBC}") = "ChatAppServer.WebAPI", "ChatAppServer.WebAPI\ChatAppServer.WebAPI.csproj", "{6981FA73-4A04-44D9-8027-BD2264B56EE7}"
EndProject
Global
	GlobalSection(SolutionConfigurationPlatforms) = preSolution
		Debug|Any CPU = Debug|Any CPU
		Release|Any CPU = Release|Any CPU
	EndGlobalSection
	GlobalSection(ProjectConfigurationPlatforms) = postSolution
		{6981FA73-4A04-44D9-8027-BD2264B56EE7}.Debug|Any CPU.ActiveCfg = Debug|Any CPU
		{6981FA73-4A04-44D9-8027-BD2264B56EE7}.Debug|Any CPU.Build.0 = Debug|Any CPU
		{6981FA73-4A04-44D9-8027-BD2264B56EE7}.Release|Any CPU.ActiveCfg = Release|Any CPU
		{6981FA73-4A04-44D9-8027-BD2264B56EE7}.Release|Any CPU.Build.0 = Release|Any CPU
	EndGlobalSection
	GlobalSection(SolutionProperties) = preSolution
		HideSolutionNode = FALSE
	EndGlobalSection
	GlobalSection(ExtensibilityGlobals) = postSolution
		SolutionGuid = {D089877C-6454-406E-AFD8-AFFFE72C31CD}
	EndGlobalSection
EndGlobal
